
Microsoft Visual Studio Solution File, Format Version 12.00
# Visual Studio Version 16
VisualStudioVersion = 16.0.31129.286
MinimumVisualStudioVersion = 10.0.40219.1
Project("{FAE04EC0-301F-11D3-BF4B-00C04F79EFBC}") = "HadesUltrawideGUIPatcher", "HadesUltrawideGUIPatcher\HadesUltrawideGUIPatcher.csproj", "{624D4AC4-312E-4ABE-A51C-7CC0FC002686}"
EndProject
Global
	GlobalSection(SolutionConfigurationPlatforms) = preSolution
		Debug|Any CPU = Debug|Any CPU
		Release|Any CPU = Release|Any CPU
	EndGlobalSection
	GlobalSection(ProjectConfigurationPlatforms) = postSolution
		{624D4AC4-312E-4ABE-A51C-7CC0FC002686}.Debug|Any CPU.ActiveCfg = Debug|Any CPU
		{624D4AC4-312E-4ABE-A51C-7CC0FC002686}.Debug|Any CPU.Build.0 = Debug|Any CPU
		{624D4AC4-312E-4ABE-A51C-7CC0FC002686}.Release|Any CPU.ActiveCfg = Release|Any CPU
		{624D4AC4-312E-4ABE-A51C-7CC0FC002686}.Release|Any CPU.Build.0 = Release|Any CPU
	EndGlobalSection
	GlobalSection(SolutionProperties) = preSolution
		HideSolutionNode = FALSE
	EndGlobalSection
	GlobalSection(ExtensibilityGlobals) = postSolution
		SolutionGuid = {40429727-FD02-4B15-A9CB-3F564CA71836}
	EndGlobalSection
EndGlobal
